// !$*UTF8*$!
{
	archiveVersion = 1;
	classes = {
	};
	objectVersion = 56;
	objects = {

/* Begin PBXBuildFile section */
		2A846F260AE4A33EFF16412E /* Pods_DynamicCellSizeCollectionView.framework in Frameworks */ = {isa = PBXBuildFile; fileRef = A4A799171699932306022D5F /* Pods_DynamicCellSizeCollectionView.framework */; };
		AA1590692AA5EF3300B0DF4B /* AppDelegate.swift in Sources */ = {isa = PBXBuildFile; fileRef = AA1590682AA5EF3300B0DF4B /* AppDelegate.swift */; };
		AA15906B2AA5EF3300B0DF4B /* SceneDelegate.swift in Sources */ = {isa = PBXBuildFile; fileRef = AA15906A2AA5EF3300B0DF4B /* SceneDelegate.swift */; };
		AA15906D2AA5EF3300B0DF4B /* ViewController.swift in Sources */ = {isa = PBXBuildFile; fileRef = AA15906C2AA5EF3300B0DF4B /* ViewController.swift */; };
		AA1590702AA5EF3300B0DF4B /* Main.storyboard in Resources */ = {isa = PBXBuildFile; fileRef = AA15906E2AA5EF3300B0DF4B /* Main.storyboard */; };
		AA1590722AA5EF3400B0DF4B /* Assets.xcassets in Resources */ = {isa = PBXBuildFile; fileRef = AA1590712AA5EF3400B0DF4B /* Assets.xcassets */; };
		AA1590752AA5EF3400B0DF4B /* LaunchScreen.storyboard in Resources */ = {isa = PBXBuildFile; fileRef = AA1590732AA5EF3400B0DF4B /* LaunchScreen.storyboard */; };
		AA15907D2AA5EFAB00B0DF4B /* DynamicCellSizeFlowLayout.swift in Sources */ = {isa = PBXBuildFile; fileRef = AA15907C2AA5EFAB00B0DF4B /* DynamicCellSizeFlowLayout.swift */; };
		AA15907F2AA5EFC000B0DF4B /* FeedCell.swift in Sources */ = {isa = PBXBuildFile; fileRef = AA15907E2AA5EFC000B0DF4B /* FeedCell.swift */; };
		AA1590812AA5FE0100B0DF4B /* FeedHeader.swift in Sources */ = {isa = PBXBuildFile; fileRef = AA1590802AA5FE0100B0DF4B /* FeedHeader.swift */; };
/* End PBXBuildFile section */

/* Begin PBXFileReference section */
		6B8B3B1A3FC11144DB5DEB2D /* Pods-DynamicCellSizeCollectionView.debug.xcconfig */ = {isa = PBXFileReference; includeInIndex = 1; lastKnownFileType = text.xcconfig; name = "Pods-DynamicCellSizeCollectionView.debug.xcconfig"; path = "Target Support Files/Pods-DynamicCellSizeCollectionView/Pods-DynamicCellSizeCollectionView.debug.xcconfig"; sourceTree = "<group>"; };
		A4A799171699932306022D5F /* Pods_DynamicCellSizeCollectionView.framework */ = {isa = PBXFileReference; explicitFileType = wrapper.framework; includeInIndex = 0; path = Pods_DynamicCellSizeCollectionView.framework; sourceTree = BUILT_PRODUCTS_DIR; };
		AA1590652AA5EF3300B0DF4B /* DynamicCellSizeCollectionView.app */ = {isa = PBXFileReference; explicitFileType = wrapper.application; includeInIndex = 0; path = DynamicCellSizeCollectionView.app; sourceTree = BUILT_PRODUCTS_DIR; };
		AA1590682AA5EF3300B0DF4B /* AppDelegate.swift */ = {isa = PBXFileReference; lastKnownFileType = sourcecode.swift; path = AppDelegate.swift; sourceTree = "<group>"; };
		AA15906A2AA5EF3300B0DF4B /* SceneDelegate.swift */ = {isa = PBXFileReference; lastKnownFileType = sourcecode.swift; path = SceneDelegate.swift; sourceTree = "<group>"; };
		AA15906C2AA5EF3300B0DF4B /* ViewController.swift */ = {isa = PBXFileReference; lastKnownFileType = sourcecode.swift; path = ViewController.swift; sourceTree = "<group>"; };
		AA15906F2AA5EF3300B0DF4B /* Base */ = {isa = PBXFileReference; lastKnownFileType = file.storyboard; name = Base; path = Base.lproj/Main.storyboard; sourceTree = "<group>"; };
		AA1590712AA5EF3400B0DF4B /* Assets.xcassets */ = {isa = PBXFileReference; lastKnownFileType = folder.assetcatalog; path = Assets.xcassets; sourceTree = "<group>"; };
		AA1590742AA5EF3400B0DF4B /* Base */ = {isa = PBXFileReference; lastKnownFileType = file.storyboard; name = Base; path = Base.lproj/LaunchScreen.storyboard; sourceTree = "<group>"; };
		AA1590762AA5EF3400B0DF4B /* Info.plist */ = {isa = PBXFileReference; lastKnownFileType = text.plist.xml; path = Info.plist; sourceTree = "<group>"; };
		AA15907C2AA5EFAB00B0DF4B /* DynamicCellSizeFlowLayout.swift */ = {isa = PBXFileReference; lastKnownFileType = sourcecode.swift; path = DynamicCellSizeFlowLayout.swift; sourceTree = "<group>"; };
		AA15907E2AA5EFC000B0DF4B /* FeedCell.swift */ = {isa = PBXFileReference; lastKnownFileType = sourcecode.swift; path = FeedCell.swift; sourceTree = "<group>"; };
		AA1590802AA5FE0100B0DF4B /* FeedHeader.swift */ = {isa = PBXFileReference; lastKnownFileType = sourcecode.swift; path = FeedHeader.swift; sourceTree = "<group>"; };
		D96826B0F2E9FF32B8299130 /* Pods-DynamicCellSizeCollectionView.release.xcconfig */ = {isa = PBXFileReference; includeInIndex = 1; lastKnownFileType = text.xcconfig; name = "Pods-DynamicCellSizeCollectionView.release.xcconfig"; path = "Target Support Files/Pods-DynamicCellSizeCollectionView/Pods-DynamicCellSizeCollectionView.release.xcconfig"; sourceTree = "<group>"; };
/* End PBXFileReference section */

/* Begin PBXFrameworksBuildPhase section */
		AA1590622AA5EF3300B0DF4B /* Frameworks */ = {
			isa = PBXFrameworksBuildPhase;
			buildActionMask = 2147483647;
			files = (
				2A846F260AE4A33EFF16412E /* Pods_DynamicCellSizeCollectionView.framework in Frameworks */,
			);
			runOnlyForDeploymentPostprocessing = 0;
		};
/* End PBXFrameworksBuildPhase section */

/* Begin PBXGroup section */
		39DC764CC725B494CF554550 /* Frameworks */ = {
			isa = PBXGroup;
			children = (
				A4A799171699932306022D5F /* Pods_DynamicCellSizeCollectionView.framework */,
			);
			name = Frameworks;
			sourceTree = "<group>";
		};
		AA15905C2AA5EF3300B0DF4B = {
			isa = PBXGroup;
			children = (
				AA1590672AA5EF3300B0DF4B /* DynamicCellSizeCollectionView */,
				AA1590662AA5EF3300B0DF4B /* Products */,
				D4DB73807CC141B5FC2956DD /* Pods */,
				39DC764CC725B494CF554550 /* Frameworks */,
			);
			sourceTree = "<group>";
		};
		AA1590662AA5EF3300B0DF4B /* Products */ = {
			isa = PBXGroup;
			children = (
				AA1590652AA5EF3300B0DF4B /* DynamicCellSizeCollectionView.app */,
			);
			name = Products;
			sourceTree = "<group>";
		};
		AA1590672AA5EF3300B0DF4B /* DynamicCellSizeCollectionView */ = {
			isa = PBXGroup;
			children = (
				AA1590682AA5EF3300B0DF4B /* AppDelegate.swift */,
				AA15906A2AA5EF3300B0DF4B /* SceneDelegate.swift */,
				AA15906C2AA5EF3300B0DF4B /* ViewController.swift */,
				AA15907E2AA5EFC000B0DF4B /* FeedCell.swift */,
				AA1590802AA5FE0100B0DF4B /* FeedHeader.swift */,
				AA15907C2AA5EFAB00B0DF4B /* DynamicCellSizeFlowLayout.swift */,
				AA15906E2AA5EF3300B0DF4B /* Main.storyboard */,
				AA1590712AA5EF3400B0DF4B /* Assets.xcassets */,
				AA1590732AA5EF3400B0DF4B /* LaunchScreen.storyboard */,
				AA1590762AA5EF3400B0DF4B /* Info.plist */,
			);
			path = DynamicCellSizeCollectionView;
			sourceTree = "<group>";
		};
		D4DB73807CC141B5FC2956DD /* Pods */ = {
			isa = PBXGroup;
			children = (
				6B8B3B1A3FC11144DB5DEB2D /* Pods-DynamicCellSizeCollectionView.debug.xcconfig */,
				D96826B0F2E9FF32B8299130 /* Pods-DynamicCellSizeCollectionView.release.xcconfig */,
			);
			path = Pods;
			sourceTree = "<group>";
		};
/* End PBXGroup section */

/* Begin PBXNativeTarget section */
		AA1590642AA5EF3300B0DF4B /* DynamicCellSizeCollectionView */ = {
			isa = PBXNativeTarget;
			buildConfigurationList = AA1590792AA5EF3400B0DF4B /* Build configuration list for PBXNativeTarget "DynamicCellSizeCollectionView" */;
			buildPhases = (
				EEF7B5D56169DCFF23B80270 /* [CP] Check Pods Manifest.lock */,
				AA1590612AA5EF3300B0DF4B /* Sources */,
				AA1590622AA5EF3300B0DF4B /* Frameworks */,
				AA1590632AA5EF3300B0DF4B /* Resources */,
				21F5F07399D3E8A3BD7458F4 /* [CP] Embed Pods Frameworks */,
			);
			buildRules = (
			);
			dependencies = (
			);
			name = DynamicCellSizeCollectionView;
			productName = DynamicCellSizeCollectionView;
			productReference = AA1590652AA5EF3300B0DF4B /* DynamicCellSizeCollectionView.app */;
			productType = "com.apple.product-type.application";
		};
/* End PBXNativeTarget section */

/* Begin PBXProject section */
		AA15905D2AA5EF3300B0DF4B /* Project object */ = {
			isa = PBXProject;
			attributes = {
				BuildIndependentTargetsInParallel = 1;
				LastSwiftUpdateCheck = 1430;
				LastUpgradeCheck = 1430;
				TargetAttributes = {
					AA1590642AA5EF3300B0DF4B = {
						CreatedOnToolsVersion = 14.3.1;
					};
				};
			};
			buildConfigurationList = AA1590602AA5EF3300B0DF4B /* Build configuration list for PBXProject "DynamicCellSizeCollectionView" */;
			compatibilityVersion = "Xcode 14.0";
			developmentRegion = en;
			hasScannedForEncodings = 0;
			knownRegions = (
				en,
				Base,
			);
			mainGroup = AA15905C2AA5EF3300B0DF4B;
			productRefGroup = AA1590662AA5EF3300B0DF4B /* Products */;
			projectDirPath = "";
			projectRoot = "";
			targets = (
				AA1590642AA5EF3300B0DF4B /* DynamicCellSizeCollectionView */,
			);
		};
/* End PBXProject section */

/* Begin PBXResourcesBuildPhase section */
		AA1590632AA5EF3300B0DF4B /* Resources */ = {
			isa = PBXResourcesBuildPhase;
			buildActionMask = 2147483647;
			files = (
				AA1590752AA5EF3400B0DF4B /* LaunchScreen.storyboard in Resources */,
				AA1590722AA5EF3400B0DF4B /* Assets.xcassets in Resources */,
				AA1590702AA5EF3300B0DF4B /* Main.storyboard in Resources */,
			);
			runOnlyForDeploymentPostprocessing = 0;
		};
/* End PBXResourcesBuildPhase section */

/* Begin PBXShellScriptBuildPhase section */
		21F5F07399D3E8A3BD7458F4 /* [CP] Embed Pods Frameworks */ = {
			isa = PBXShellScriptBuildPhase;
			buildActionMask = 2147483647;
			files = (
			);
			inputFileListPaths = (
				"${PODS_ROOT}/Target Support Files/Pods-DynamicCellSizeCollectionView/Pods-DynamicCellSizeCollectionView-frameworks-${CONFIGURATION}-input-files.xcfilelist",
			);
			name = "[CP] Embed Pods Frameworks";
			outputFileListPaths = (
				"${PODS_ROOT}/Target Support Files/Pods-DynamicCellSizeCollectionView/Pods-DynamicCellSizeCollectionView-frameworks-${CONFIGURATION}-output-files.xcfilelist",
			);
			runOnlyForDeploymentPostprocessing = 0;
			shellPath = /bin/sh;
			shellScript = "\"${PODS_ROOT}/Target Support Files/Pods-DynamicCellSizeCollectionView/Pods-DynamicCellSizeCollectionView-frameworks.sh\"\n";
			showEnvVarsInLog = 0;
		};
		EEF7B5D56169DCFF23B80270 /* [CP] Check Pods Manifest.lock */ = {
			isa = PBXShellScriptBuildPhase;
			buildActionMask = 2147483647;
			files = (
			);
			inputFileListPaths = (
			);
			inputPaths = (
				"${PODS_PODFILE_DIR_PATH}/Podfile.lock",
				"${PODS_ROOT}/Manifest.lock",
			);
			name = "[CP] Check Pods Manifest.lock";
			outputFileListPaths = (
			);
			outputPaths = (
				"$(DERIVED_FILE_DIR)/Pods-DynamicCellSizeCollectionView-checkManifestLockResult.txt",
			);
			runOnlyForDeploymentPostprocessing = 0;
			shellPath = /bin/sh;
			shellScript = "diff \"${PODS_PODFILE_DIR_PATH}/Podfile.lock\" \"${PODS_ROOT}/Manifest.lock\" > /dev/null\nif [ $? != 0 ] ; then\n    # print error to STDERR\n    echo \"error: The sandbox is not in sync with the Podfile.lock. Run 'pod install' or update your CocoaPods installation.\" >&2\n    exit 1\nfi\n# This output is used by Xcode 'outputs' to avoid re-running this script phase.\necho \"SUCCESS\" > \"${SCRIPT_OUTPUT_FILE_0}\"\n";
			showEnvVarsInLog = 0;
		};
/* End PBXShellScriptBuildPhase section */

/* Begin PBXSourcesBuildPhase section */
		AA1590612AA5EF3300B0DF4B /* Sources */ = {
			isa = PBXSourcesBuildPhase;
			buildActionMask = 2147483647;
			files = (
				AA15907D2AA5EFAB00B0DF4B /* DynamicCellSizeFlowLayout.swift in Sources */,
				AA15907F2AA5EFC000B0DF4B /* FeedCell.swift in Sources */,
				AA15906D2AA5EF3300B0DF4B /* ViewController.swift in Sources */,
				AA1590692AA5EF3300B0DF4B /* AppDelegate.swift in Sources */,
				AA1590812AA5FE0100B0DF4B /* FeedHeader.swift in Sources */,
				AA15906B2AA5EF3300B0DF4B /* SceneDelegate.swift in Sources */,
			);
			runOnlyForDeploymentPostprocessing = 0;
		};
/* End PBXSourcesBuildPhase section */

/* Begin PBXVariantGroup section */
		AA15906E2AA5EF3300B0DF4B /* Main.storyboard */ = {
			isa = PBXVariantGroup;
			children = (
				AA15906F2AA5EF3300B0DF4B /* Base */,
			);
			name = Main.storyboard;
			sourceTree = "<group>";
		};
		AA1590732AA5EF3400B0DF4B /* LaunchScreen.storyboard */ = {
			isa = PBXVariantGroup;
			children = (
				AA1590742AA5EF3400B0DF4B /* Base */,
			);
			name = LaunchScreen.storyboard;
			sourceTree = "<group>";
		};
/* End PBXVariantGroup section */

/* Begin XCBuildConfiguration section */
		AA1590772AA5EF3400B0DF4B /* Debug */ = {
			isa = XCBuildConfiguration;
			buildSettings = {
				ALWAYS_SEARCH_USER_PATHS = NO;
				CLANG_ANALYZER_NONNULL = YES;
				CLANG_ANALYZER_NUMBER_OBJECT_CONVERSION = YES_AGGRESSIVE;
				CLANG_CXX_LANGUAGE_STANDARD = "gnu++20";
				CLANG_ENABLE_MODULES = YES;
				CLANG_ENABLE_OBJC_ARC = YES;
				CLANG_ENABLE_OBJC_WEAK = YES;
				CLANG_WARN_BLOCK_CAPTURE_AUTORELEASING = YES;
				CLANG_WARN_BOOL_CONVERSION = YES;
				CLANG_WARN_COMMA = YES;
				CLANG_WARN_CONSTANT_CONVERSION = YES;
				CLANG_WARN_DEPRECATED_OBJC_IMPLEMENTATIONS = YES;
				CLANG_WARN_DIRECT_OBJC_ISA_USAGE = YES_ERROR;
				CLANG_WARN_DOCUMENTATION_COMMENTS = YES;
				CLANG_WARN_EMPTY_BODY = YES;
				CLANG_WARN_ENUM_CONVERSION = YES;
				CLANG_WARN_INFINITE_RECURSION = YES;
				CLANG_WARN_INT_CONVERSION = YES;
				CLANG_WARN_NON_LITERAL_NULL_CONVERSION = YES;
				CLANG_WARN_OBJC_IMPLICIT_RETAIN_SELF = YES;
				CLANG_WARN_OBJC_LITERAL_CONVERSION = YES;
				CLANG_WARN_OBJC_ROOT_CLASS = YES_ERROR;
				CLANG_WARN_QUOTED_INCLUDE_IN_FRAMEWORK_HEADER = YES;
				CLANG_WARN_RANGE_LOOP_ANALYSIS = YES;
				CLANG_WARN_STRICT_PROTOTYPES = YES;
				CLANG_WARN_SUSPICIOUS_MOVE = YES;
				CLANG_WARN_UNGUARDED_AVAILABILITY = YES_AGGRESSIVE;
				CLANG_WARN_UNREACHABLE_CODE = YES;
				CLANG_WARN__DUPLICATE_METHOD_MATCH = YES;
				COPY_PHASE_STRIP = NO;
				DEBUG_INFORMATION_FORMAT = dwarf;
				ENABLE_STRICT_OBJC_MSGSEND = YES;
				ENABLE_TESTABILITY = YES;
				GCC_C_LANGUAGE_STANDARD = gnu11;
				GCC_DYNAMIC_NO_PIC = NO;
				GCC_NO_COMMON_BLOCKS = YES;
				GCC_OPTIMIZATION_LEVEL = 0;
				GCC_PREPROCESSOR_DEFINITIONS = (
					"DEBUG=1",
					"$(inherited)",
				);
				GCC_WARN_64_TO_32_BIT_CONVERSION = YES;
				GCC_WARN_ABOUT_RETURN_TYPE = YES_ERROR;
				GCC_WARN_UNDECLARED_SELECTOR = YES;
				GCC_WARN_UNINITIALIZED_AUTOS = YES_AGGRESSIVE;
				GCC_WARN_UNUSED_FUNCTION = YES;
				GCC_WARN_UNUSED_VARIABLE = YES;
				IPHONEOS_DEPLOYMENT_TARGET = 16.4;
				MTL_ENABLE_DEBUG_INFO = INCLUDE_SOURCE;
				MTL_FAST_MATH = YES;
				ONLY_ACTIVE_ARCH = YES;
				SDKROOT = iphoneos;
				SWIFT_ACTIVE_COMPILATION_CONDITIONS = DEBUG;
				SWIFT_OPTIMIZATION_LEVEL = "-Onone";
			};
			name = Debug;
		};
		AA1590782AA5EF3400B0DF4B /* Release */ = {
			isa = XCBuildConfiguration;
			buildSettings = {
				ALWAYS_SEARCH_USER_PATHS = NO;
				CLANG_ANALYZER_NONNULL = YES;
				CLANG_ANALYZER_NUMBER_OBJECT_CONVERSION = YES_AGGRESSIVE;
				CLANG_CXX_LANGUAGE_STANDARD = "gnu++20";
				CLANG_ENABLE_MODULES = YES;
				CLANG_ENABLE_OBJC_ARC = YES;
				CLANG_ENABLE_OBJC_WEAK = YES;
				CLANG_WARN_BLOCK_CAPTURE_AUTORELEASING = YES;
				CLANG_WARN_BOOL_CONVERSION = YES;
				CLANG_WARN_COMMA = YES;
				CLANG_WARN_CONSTANT_CONVERSION = YES;
				CLANG_WARN_DEPRECATED_OBJC_IMPLEMENTATIONS = YES;
				CLANG_WARN_DIRECT_OBJC_ISA_USAGE = YES_ERROR;
				CLANG_WARN_DOCUMENTATION_COMMENTS = YES;
				CLANG_WARN_EMPTY_BODY = YES;
				CLANG_WARN_ENUM_CONVERSION = YES;
				CLANG_WARN_INFINITE_RECURSION = YES;
				CLANG_WARN_INT_CONVERSION = YES;
				CLANG_WARN_NON_LITERAL_NULL_CONVERSION = YES;
				CLANG_WARN_OBJC_IMPLICIT_RETAIN_SELF = YES;
				CLANG_WARN_OBJC_LITERAL_CONVERSION = YES;
				CLANG_WARN_OBJC_ROOT_CLASS = YES_ERROR;
				CLANG_WARN_QUOTED_INCLUDE_IN_FRAMEWORK_HEADER = YES;
				CLANG_WARN_RANGE_LOOP_ANALYSIS = YES;
				CLANG_WARN_STRICT_PROTOTYPES = YES;
				CLANG_WARN_SUSPICIOUS_MOVE = YES;
				CLANG_WARN_UNGUARDED_AVAILABILITY = YES_AGGRESSIVE;
				CLANG_WARN_UNREACHABLE_CODE = YES;
				CLANG_WARN__DUPLICATE_METHOD_MATCH = YES;
				COPY_PHASE_STRIP = NO;
				DEBUG_INFORMATION_FORMAT = "dwarf-with-dsym";
				ENABLE_NS_ASSERTIONS = NO;
				ENABLE_STRICT_OBJC_MSGSEND = YES;
				GCC_C_LANGUAGE_STANDARD = gnu11;
				GCC_NO_COMMON_BLOCKS = YES;
				GCC_WARN_64_TO_32_BIT_CONVERSION = YES;
				GCC_WARN_ABOUT_RETURN_TYPE = YES_ERROR;
				GCC_WARN_UNDECLARED_SELECTOR = YES;
				GCC_WARN_UNINITIALIZED_AUTOS = YES_AGGRESSIVE;
				GCC_WARN_UNUSED_FUNCTION = YES;
				GCC_WARN_UNUSED_VARIABLE = YES;
				IPHONEOS_DEPLOYMENT_TARGET = 16.4;
				MTL_ENABLE_DEBUG_INFO = NO;
				MTL_FAST_MATH = YES;
				SDKROOT = iphoneos;
				SWIFT_COMPILATION_MODE = wholemodule;
				SWIFT_OPTIMIZATION_LEVEL = "-O";
				VALIDATE_PRODUCT = YES;
			};
			name = Release;
		};
		AA15907A2AA5EF3400B0DF4B /* Debug */ = {
			isa = XCBuildConfiguration;
			baseConfigurationReference = 6B8B3B1A3FC11144DB5DEB2D /* Pods-DynamicCellSizeCollectionView.debug.xcconfig */;
			buildSettings = {
				ASSETCATALOG_COMPILER_APPICON_NAME = AppIcon;
				ASSETCATALOG_COMPILER_GLOBAL_ACCENT_COLOR_NAME = AccentColor;
				CODE_SIGN_STYLE = Automatic;
				CURRENT_PROJECT_VERSION = 1;
				DEVELOPMENT_TEAM = 86SUVAPQR4;
				GENERATE_INFOPLIST_FILE = YES;
				INFOPLIST_FILE = DynamicCellSizeCollectionView/Info.plist;
				INFOPLIST_KEY_UIApplicationSupportsIndirectInputEvents = YES;
				INFOPLIST_KEY_UILaunchStoryboardName = LaunchScreen;
				INFOPLIST_KEY_UIMainStoryboardFile = Main;
				INFOPLIST_KEY_UISupportedInterfaceOrientations_iPad = "UIInterfaceOrientationPortrait UIInterfaceOrientationPortraitUpsideDown UIInterfaceOrientationLandscapeLeft UIInterfaceOrientationLandscapeRight";
				INFOPLIST_KEY_UISupportedInterfaceOrientations_iPhone = "UIInterfaceOrientationPortrait UIInterfaceOrientationLandscapeLeft UIInterfaceOrientationLandscapeRight";
				IPHONEOS_DEPLOYMENT_TARGET = 16.0;
				LD_RUNPATH_SEARCH_PATHS = (
					"$(inherited)",
					"@executable_path/Frameworks",
				);
				MARKETING_VERSION = 1.0;
				PRODUCT_BUNDLE_IDENTIFIER = com.Schemalism.DynamicCellSizeCollectionView;
				PRODUCT_NAME = "$(TARGET_NAME)";
				SWIFT_EMIT_LOC_STRINGS = YES;
				SWIFT_VERSION = 5.0;
				TARGETED_DEVICE_FAMILY = "1,2";
			};
			name = Debug;
		};
		AA15907B2AA5EF3400B0DF4B /* Release */ = {
			isa = XCBuildConfiguration;
			baseConfigurationReference = D96826B0F2E9FF32B8299130 /* Pods-DynamicCellSizeCollectionView.release.xcconfig */;
			buildSettings = {
				ASSETCATALOG_COMPILER_APPICON_NAME = AppIcon;
				ASSETCATALOG_COMPILER_GLOBAL_ACCENT_COLOR_NAME = AccentColor;
				CODE_SIGN_STYLE = Automatic;
				CURRENT_PROJECT_VERSION = 1;
				DEVELOPMENT_TEAM = 86SUVAPQR4;
				GENERATE_INFOPLIST_FILE = YES;
				INFOPLIST_FILE = DynamicCellSizeCollectionView/Info.plist;
				INFOPLIST_KEY_UIApplicationSupportsIndirectInputEvents = YES;
				INFOPLIST_KEY_UILaunchStoryboardName = LaunchScreen;
				INFOPLIST_KEY_UIMainStoryboardFile = Main;
				INFOPLIST_KEY_UISupportedInterfaceOrientations_iPad = "UIInterfaceOrientationPortrait UIInterfaceOrientationPortraitUpsideDown UIInterfaceOrientationLandscapeLeft UIInterfaceOrientationLandscapeRight";
				INFOPLIST_KEY_UISupportedInterfaceOrientations_iPhone = "UIInterfaceOrientationPortrait UIInterfaceOrientationLandscapeLeft UIInterfaceOrientationLandscapeRight";
				IPHONEOS_DEPLOYMENT_TARGET = 16.0;
				LD_RUNPATH_SEARCH_PATHS = (
					"$(inherited)",
					"@executable_path/Frameworks",
				);
				MARKETING_VERSION = 1.0;
				PRODUCT_BUNDLE_IDENTIFIER = com.Schemalism.DynamicCellSizeCollectionView;
				PRODUCT_NAME = "$(TARGET_NAME)";
				SWIFT_EMIT_LOC_STRINGS = YES;
				SWIFT_VERSION = 5.0;
				TARGETED_DEVICE_FAMILY = "1,2";
			};
			name = Release;
		};
/* End XCBuildConfiguration section */

/* Begin XCConfigurationList section */
		AA1590602AA5EF3300B0DF4B /* Build configuration list for PBXProject "DynamicCellSizeCollectionView" */ = {
			isa = XCConfigurationList;
			buildConfigurations = (
				AA1590772AA5EF3400B0DF4B /* Debug */,
				AA1590782AA5EF3400B0DF4B /* Release */,
			);
			defaultConfigurationIsVisible = 0;
			defaultConfigurationName = Release;
		};
		AA1590792AA5EF3400B0DF4B /* Build configuration list for PBXNativeTarget "DynamicCellSizeCollectionView" */ = {
			isa = XCConfigurationList;
			buildConfigurations = (
				AA15907A2AA5EF3400B0DF4B /* Debug */,
				AA15907B2AA5EF3400B0DF4B /* Release */,
			);
			defaultConfigurationIsVisible = 0;
			defaultConfigurationName = Release;
		};
/* End XCConfigurationList section */
	};
	rootObject = AA15905D2AA5EF3300B0DF4B /* Project object */;
}
